
Microsoft Visual Studio Solution File, Format Version 12.00
# Visual Studio Version 16
VisualStudioVersion = 16.0.30128.74
MinimumVisualStudioVersion = 10.0.40219.1
Project("{9A19103F-16F7-4668-BE54-9A1E7A4F7556}") = "Robot.Start", "Robot.Start\Robot.Start.csproj", "{004A0A8B-2006-4B0B-A0F7-B7A162C73660}"
EndProject
Project("{9A19103F-16F7-4668-BE54-9A1E7A4F7556}") = "Robot.Driver", "Robot.Driver\Robot.Driver.csproj", "{FA1D89F0-6D4F-416B-B996-21E6F6D6CA7D}"
EndProject
Project("{FAE04EC0-301F-11D3-BF4B-00C04F79EFBC}") = "DoWork.Hangfire", "DoWork.Hangfire\DoWork.Hangfire.csproj", "{92FC1301-E231-4AFE-ADE1-40AC270488BE}"
EndProject
Global
	GlobalSection(SolutionConfigurationPlatforms) = preSolution
		Debug|Any CPU = Debug|Any CPU
		Release|Any CPU = Release|Any CPU
	EndGlobalSection
	GlobalSection(ProjectConfigurationPlatforms) = postSolution
		{004A0A8B-2006-4B0B-A0F7-B7A162C73660}.Debug|Any CPU.ActiveCfg = Debug|Any CPU
		{004A0A8B-2006-4B0B-A0F7-B7A162C73660}.Debug|Any CPU.Build.0 = Debug|Any CPU
		{004A0A8B-2006-4B0B-A0F7-B7A162C73660}.Release|Any CPU.ActiveCfg = Release|Any CPU
		{004A0A8B-2006-4B0B-A0F7-B7A162C73660}.Release|Any CPU.Build.0 = Release|Any CPU
		{FA1D89F0-6D4F-416B-B996-21E6F6D6CA7D}.Debug|Any CPU.ActiveCfg = Debug|Any CPU
		{FA1D89F0-6D4F-416B-B996-21E6F6D6CA7D}.Debug|Any CPU.Build.0 = Debug|Any CPU
		{FA1D89F0-6D4F-416B-B996-21E6F6D6CA7D}.Release|Any CPU.ActiveCfg = Release|Any CPU
		{FA1D89F0-6D4F-416B-B996-21E6F6D6CA7D}.Release|Any CPU.Build.0 = Release|Any CPU
		{92FC1301-E231-4AFE-ADE1-40AC270488BE}.Debug|Any CPU.ActiveCfg = Debug|Any CPU
		{92FC1301-E231-4AFE-ADE1-40AC270488BE}.Debug|Any CPU.Build.0 = Debug|Any CPU
		{92FC1301-E231-4AFE-ADE1-40AC270488BE}.Release|Any CPU.ActiveCfg = Release|Any CPU
		{92FC1301-E231-4AFE-ADE1-40AC270488BE}.Release|Any CPU.Build.0 = Release|Any CPU
	EndGlobalSection
	GlobalSection(SolutionProperties) = preSolution
		HideSolutionNode = FALSE
	EndGlobalSection
	GlobalSection(ExtensibilityGlobals) = postSolution
		SolutionGuid = {80A58339-EB9F-428E-808A-2F7E06BE1CDA}
	EndGlobalSection
EndGlobal
